
Microsoft Visual Studio Solution File, Format Version 12.00
# Visual Studio Version 16
VisualStudioVersion = 16.0.30114.105
MinimumVisualStudioVersion = 10.0.40219.1
Project("{FAE04EC0-301F-11D3-BF4B-00C04F79EFBC}") = "test", "test\test.csproj", "{BE8DF793-A10F-453B-880F-3C2A059BB306}"
EndProject
Global
	GlobalSection(SolutionConfigurationPlatforms) = preSolution
		Debug|Any CPU = Debug|Any CPU
		Release|Any CPU = Release|Any CPU
	EndGlobalSection
	GlobalSection(ProjectConfigurationPlatforms) = postSolution
		{BE8DF793-A10F-453B-880F-3C2A059BB306}.Debug|Any CPU.ActiveCfg = Debug|Any CPU
		{BE8DF793-A10F-453B-880F-3C2A059BB306}.Debug|Any CPU.Build.0 = Debug|Any CPU
		{BE8DF793-A10F-453B-880F-3C2A059BB306}.Release|Any CPU.ActiveCfg = Release|Any CPU
		{BE8DF793-A10F-453B-880F-3C2A059BB306}.Release|Any CPU.Build.0 = Release|Any CPU
	EndGlobalSection
	GlobalSection(SolutionProperties) = preSolution
		HideSolutionNode = FALSE
	EndGlobalSection
	GlobalSection(ExtensibilityGlobals) = postSolution
		SolutionGuid = {39D39602-E3EA-46B4-BE6B-12E9145C0C15}
	EndGlobalSection
EndGlobal
